
Microsoft Visual Studio Solution File, Format Version 12.00
# Visual Studio 15
VisualStudioVersion = 15.0.26228.4
MinimumVisualStudioVersion = 10.0.40219.1
Project("{FAE04EC0-301F-11D3-BF4B-00C04F79EFBC}") = "Converter", "Converter\Converter.csproj", "{2D62F065-0C22-416A-9E4C-9793D928CD30}"
EndProject
Project("{2150E333-8FDC-42A3-9474-1A3956D46DE8}") = "Solution Items", "Solution Items", "{33442D35-9F8F-42A4-9B74-E219CDA7A69A}"
	ProjectSection(SolutionItems) = preProject
		Compare.cs = Compare.cs
	EndProjectSection
EndProject
Global
	GlobalSection(SolutionConfigurationPlatforms) = preSolution
		Debug|Any CPU = Debug|Any CPU
		Release|Any CPU = Release|Any CPU
	EndGlobalSection
	GlobalSection(ProjectConfigurationPlatforms) = postSolution
		{2D62F065-0C22-416A-9E4C-9793D928CD30}.Debug|Any CPU.ActiveCfg = Debug|Any CPU
		{2D62F065-0C22-416A-9E4C-9793D928CD30}.Debug|Any CPU.Build.0 = Debug|Any CPU
		{2D62F065-0C22-416A-9E4C-9793D928CD30}.Release|Any CPU.ActiveCfg = Release|Any CPU
		{2D62F065-0C22-416A-9E4C-9793D928CD30}.Release|Any CPU.Build.0 = Release|Any CPU
	EndGlobalSection
	GlobalSection(SolutionProperties) = preSolution
		HideSolutionNode = FALSE
	EndGlobalSection
EndGlobal
